
Microsoft Visual Studio Solution File, Format Version 12.00
# Visual Studio 15
VisualStudioVersion = 15.0.27428.2005
MinimumVisualStudioVersion = 10.0.40219.1
Project("{FAE04EC0-301F-11D3-BF4B-00C04F79EFBC}") = "Alumnos", "Alumnos\Alumnos.csproj", "{56CB64FA-48AF-491E-881B-93FF7B867473}"
EndProject
Global
	GlobalSection(SolutionConfigurationPlatforms) = preSolution
		Debug|Any CPU = Debug|Any CPU
		Release|Any CPU = Release|Any CPU
	EndGlobalSection
	GlobalSection(ProjectConfigurationPlatforms) = postSolution
		{56CB64FA-48AF-491E-881B-93FF7B867473}.Debug|Any CPU.ActiveCfg = Debug|Any CPU
		{56CB64FA-48AF-491E-881B-93FF7B867473}.Debug|Any CPU.Build.0 = Debug|Any CPU
		{56CB64FA-48AF-491E-881B-93FF7B867473}.Release|Any CPU.ActiveCfg = Release|Any CPU
		{56CB64FA-48AF-491E-881B-93FF7B867473}.Release|Any CPU.Build.0 = Release|Any CPU
	EndGlobalSection
	GlobalSection(SolutionProperties) = preSolution
		HideSolutionNode = FALSE
	EndGlobalSection
	GlobalSection(ExtensibilityGlobals) = postSolution
		SolutionGuid = {1FAF979F-CB7C-4170-9060-DBE7032D10EB}
	EndGlobalSection
EndGlobal
