
Microsoft Visual Studio Solution File, Format Version 12.00
# Visual Studio 15
VisualStudioVersion = 15.0.27428.2005
MinimumVisualStudioVersion = 10.0.40219.1
Project("{FAE04EC0-301F-11D3-BF4B-00C04F79EFBC}") = "PatronesAlumnos", "PatronesAlumnos\PatronesAlumnos.csproj", "{87F4AD04-B9DA-47EE-BD14-D071F53A2E8B}"
EndProject
Global
	GlobalSection(SolutionConfigurationPlatforms) = preSolution
		Debug|Any CPU = Debug|Any CPU
		Release|Any CPU = Release|Any CPU
	EndGlobalSection
	GlobalSection(ProjectConfigurationPlatforms) = postSolution
		{87F4AD04-B9DA-47EE-BD14-D071F53A2E8B}.Debug|Any CPU.ActiveCfg = Debug|Any CPU
		{87F4AD04-B9DA-47EE-BD14-D071F53A2E8B}.Debug|Any CPU.Build.0 = Debug|Any CPU
		{87F4AD04-B9DA-47EE-BD14-D071F53A2E8B}.Release|Any CPU.ActiveCfg = Release|Any CPU
		{87F4AD04-B9DA-47EE-BD14-D071F53A2E8B}.Release|Any CPU.Build.0 = Release|Any CPU
	EndGlobalSection
	GlobalSection(SolutionProperties) = preSolution
		HideSolutionNode = FALSE
	EndGlobalSection
	GlobalSection(ExtensibilityGlobals) = postSolution
		SolutionGuid = {54C9427A-1922-4EA6-BFA4-C4080209127D}
	EndGlobalSection
EndGlobal
